
Microsoft Visual Studio Solution File, Format Version 12.00
# Visual Studio Version 16
VisualStudioVersion = 16.0.32413.511
MinimumVisualStudioVersion = 10.0.40219.1
Project("{FAE04EC0-301F-11D3-BF4B-00C04F79EFBC}") = "Common", "Common\Common.csproj", "{DD14453C-2A26-43A1-8ADD-63034C176FB2}"
EndProject
Project("{FAE04EC0-301F-11D3-BF4B-00C04F79EFBC}") = "Client", "Client\Client.csproj", "{14662E08-3C1D-43F5-85B0-44A8259F98A5}"
EndProject
Project("{FAE04EC0-301F-11D3-BF4B-00C04F79EFBC}") = "Server", "Server\Server.csproj", "{318EA43C-C3F9-4254-AE6C-170C0C02285E}"
EndProject
Project("{FAE04EC0-301F-11D3-BF4B-00C04F79EFBC}") = "Database", "Database\Database.csproj", "{69B0592B-90F5-4BF4-B538-1090E7669F05}"
EndProject
Global
	GlobalSection(SolutionConfigurationPlatforms) = preSolution
		Debug|Any CPU = Debug|Any CPU
		Release|Any CPU = Release|Any CPU
	EndGlobalSection
	GlobalSection(ProjectConfigurationPlatforms) = postSolution
		{DD14453C-2A26-43A1-8ADD-63034C176FB2}.Debug|Any CPU.ActiveCfg = Debug|Any CPU
		{DD14453C-2A26-43A1-8ADD-63034C176FB2}.Debug|Any CPU.Build.0 = Debug|Any CPU
		{DD14453C-2A26-43A1-8ADD-63034C176FB2}.Release|Any CPU.ActiveCfg = Release|Any CPU
		{DD14453C-2A26-43A1-8ADD-63034C176FB2}.Release|Any CPU.Build.0 = Release|Any CPU
		{14662E08-3C1D-43F5-85B0-44A8259F98A5}.Debug|Any CPU.ActiveCfg = Debug|Any CPU
		{14662E08-3C1D-43F5-85B0-44A8259F98A5}.Debug|Any CPU.Build.0 = Debug|Any CPU
		{14662E08-3C1D-43F5-85B0-44A8259F98A5}.Release|Any CPU.ActiveCfg = Release|Any CPU
		{14662E08-3C1D-43F5-85B0-44A8259F98A5}.Release|Any CPU.Build.0 = Release|Any CPU
		{318EA43C-C3F9-4254-AE6C-170C0C02285E}.Debug|Any CPU.ActiveCfg = Debug|Any CPU
		{318EA43C-C3F9-4254-AE6C-170C0C02285E}.Debug|Any CPU.Build.0 = Debug|Any CPU
		{318EA43C-C3F9-4254-AE6C-170C0C02285E}.Release|Any CPU.ActiveCfg = Release|Any CPU
		{318EA43C-C3F9-4254-AE6C-170C0C02285E}.Release|Any CPU.Build.0 = Release|Any CPU
		{69B0592B-90F5-4BF4-B538-1090E7669F05}.Debug|Any CPU.ActiveCfg = Debug|Any CPU
		{69B0592B-90F5-4BF4-B538-1090E7669F05}.Debug|Any CPU.Build.0 = Debug|Any CPU
		{69B0592B-90F5-4BF4-B538-1090E7669F05}.Release|Any CPU.ActiveCfg = Release|Any CPU
		{69B0592B-90F5-4BF4-B538-1090E7669F05}.Release|Any CPU.Build.0 = Release|Any CPU
	EndGlobalSection
	GlobalSection(SolutionProperties) = preSolution
		HideSolutionNode = FALSE
	EndGlobalSection
	GlobalSection(ExtensibilityGlobals) = postSolution
		SolutionGuid = {5D44192A-561B-4CC3-88F7-6D7A62A3FBB2}
	EndGlobalSection
EndGlobal
